
Microsoft Visual Studio Solution File, Format Version 12.00
# Visual Studio Version 17
VisualStudioVersion = 17.2.32630.192
MinimumVisualStudioVersion = 10.0.40219.1
Project("{2150E333-8FDC-42A3-9474-1A3956D46DE8}") = "src", "src", "{316C0FE1-68B7-4F01-B44B-398DE905346A}"
EndProject
Project("{2150E333-8FDC-42A3-9474-1A3956D46DE8}") = "Backend", "Backend", "{040F4E62-1554-4C41-9285-61704A4875B4}"
EndProject
Project("{2150E333-8FDC-42A3-9474-1A3956D46DE8}") = "Frontend", "Frontend", "{2510E9B9-C277-461F-9CB6-07D5F48AE5BC}"
EndProject
Project("{2150E333-8FDC-42A3-9474-1A3956D46DE8}") = "Data", "Data", "{CDD61758-2BB1-46A8-96F9-25ACF376F1A4}"
EndProject
Project("{2150E333-8FDC-42A3-9474-1A3956D46DE8}") = "Domain", "Domain", "{64A6F8C0-F33E-4088-8F8B-FA7E901FAF36}"
EndProject
Project("{2150E333-8FDC-42A3-9474-1A3956D46DE8}") = "Web", "Web", "{FF3968F6-19FD-42DB-8427-7F23D3C3CDE1}"
EndProject
Project("{FAE04EC0-301F-11D3-BF4B-00C04F79EFBC}") = "BuyGame.Data", "src\Backend\Data\BuyGame.Data\BuyGame.Data.csproj", "{DB7C98C1-ED40-4104-8E31-285C53B84D0C}"
EndProject
Project("{FAE04EC0-301F-11D3-BF4B-00C04F79EFBC}") = "BuyGame.Domain", "src\Backend\Domain\BuyGame.Domain\BuyGame.Domain.csproj", "{DA3806FB-8C2D-45B8-981C-61A003880E2F}"
EndProject
Project("{FAE04EC0-301F-11D3-BF4B-00C04F79EFBC}") = "BuyGame.Web", "src\Backend\Web\BuyGame.Web\BuyGame.Web.csproj", "{955A8D6F-D920-4181-8324-EE41E8AFBB03}"
EndProject
Global
	GlobalSection(SolutionConfigurationPlatforms) = preSolution
		Debug|Any CPU = Debug|Any CPU
		Release|Any CPU = Release|Any CPU
	EndGlobalSection
	GlobalSection(ProjectConfigurationPlatforms) = postSolution
		{DB7C98C1-ED40-4104-8E31-285C53B84D0C}.Debug|Any CPU.ActiveCfg = Debug|Any CPU
		{DB7C98C1-ED40-4104-8E31-285C53B84D0C}.Debug|Any CPU.Build.0 = Debug|Any CPU
		{DB7C98C1-ED40-4104-8E31-285C53B84D0C}.Release|Any CPU.ActiveCfg = Release|Any CPU
		{DB7C98C1-ED40-4104-8E31-285C53B84D0C}.Release|Any CPU.Build.0 = Release|Any CPU
		{DA3806FB-8C2D-45B8-981C-61A003880E2F}.Debug|Any CPU.ActiveCfg = Debug|Any CPU
		{DA3806FB-8C2D-45B8-981C-61A003880E2F}.Debug|Any CPU.Build.0 = Debug|Any CPU
		{DA3806FB-8C2D-45B8-981C-61A003880E2F}.Release|Any CPU.ActiveCfg = Release|Any CPU
		{DA3806FB-8C2D-45B8-981C-61A003880E2F}.Release|Any CPU.Build.0 = Release|Any CPU
		{955A8D6F-D920-4181-8324-EE41E8AFBB03}.Debug|Any CPU.ActiveCfg = Debug|Any CPU
		{955A8D6F-D920-4181-8324-EE41E8AFBB03}.Debug|Any CPU.Build.0 = Debug|Any CPU
		{955A8D6F-D920-4181-8324-EE41E8AFBB03}.Release|Any CPU.ActiveCfg = Release|Any CPU
		{955A8D6F-D920-4181-8324-EE41E8AFBB03}.Release|Any CPU.Build.0 = Release|Any CPU
	EndGlobalSection
	GlobalSection(SolutionProperties) = preSolution
		HideSolutionNode = FALSE
	EndGlobalSection
	GlobalSection(NestedProjects) = preSolution
		{040F4E62-1554-4C41-9285-61704A4875B4} = {316C0FE1-68B7-4F01-B44B-398DE905346A}
		{2510E9B9-C277-461F-9CB6-07D5F48AE5BC} = {316C0FE1-68B7-4F01-B44B-398DE905346A}
		{CDD61758-2BB1-46A8-96F9-25ACF376F1A4} = {040F4E62-1554-4C41-9285-61704A4875B4}
		{64A6F8C0-F33E-4088-8F8B-FA7E901FAF36} = {040F4E62-1554-4C41-9285-61704A4875B4}
		{FF3968F6-19FD-42DB-8427-7F23D3C3CDE1} = {040F4E62-1554-4C41-9285-61704A4875B4}
		{DB7C98C1-ED40-4104-8E31-285C53B84D0C} = {CDD61758-2BB1-46A8-96F9-25ACF376F1A4}
		{DA3806FB-8C2D-45B8-981C-61A003880E2F} = {64A6F8C0-F33E-4088-8F8B-FA7E901FAF36}
		{955A8D6F-D920-4181-8324-EE41E8AFBB03} = {FF3968F6-19FD-42DB-8427-7F23D3C3CDE1}
	EndGlobalSection
	GlobalSection(ExtensibilityGlobals) = postSolution
		SolutionGuid = {6400BF6B-E750-426F-935E-735D9AF11174}
	EndGlobalSection
EndGlobal
